// !$*UTF8*$!
{
	archiveVersion = 1;
	classes = {
	};
	objectVersion = 46;
	objects = {

/* Begin PBXBuildFile section */
		C749EFE51BEAA4DE0033D62F /* templeIcon120x120-white.png in Resources */ = {isa = PBXBuildFile; fileRef = C749EFE31BEAA4DE0033D62F /* templeIcon120x120-white.png */; };
		C749EFE61BEAA4DE0033D62F /* templeIcon180x180-white.png in Resources */ = {isa = PBXBuildFile; fileRef = C749EFE41BEAA4DE0033D62F /* templeIcon180x180-white.png */; };
		C799EDAE1BE7B2A200E42C6C /* Temple.swift in Sources */ = {isa = PBXBuildFile; fileRef = C799EDAD1BE7B2A200E42C6C /* Temple.swift */; };
		C799EDB21BE7C23C00E42C6C /* TempleTableViewCell.swift in Sources */ = {isa = PBXBuildFile; fileRef = C799EDB11BE7C23C00E42C6C /* TempleTableViewCell.swift */; };
		C7FA96D51BE2F38B00223ACA /* TempleCardView.swift in Sources */ = {isa = PBXBuildFile; fileRef = C7FA96D41BE2F38B00223ACA /* TempleCardView.swift */; };
		C7FA96D71BE2F5E000223ACA /* Temple Photos in Resources */ = {isa = PBXBuildFile; fileRef = C7FA96D61BE2F5E000223ACA /* Temple Photos */; };
		C7FC20291BDE70F700DCA643 /* AppDelegate.swift in Sources */ = {isa = PBXBuildFile; fileRef = C7FC20281BDE70F700DCA643 /* AppDelegate.swift */; };
		C7FC202E1BDE70F700DCA643 /* Main.storyboard in Resources */ = {isa = PBXBuildFile; fileRef = C7FC202C1BDE70F700DCA643 /* Main.storyboard */; };
		C7FC20301BDE70F700DCA643 /* Assets.xcassets in Resources */ = {isa = PBXBuildFile; fileRef = C7FC202F1BDE70F700DCA643 /* Assets.xcassets */; };
		C7FC20331BDE70F700DCA643 /* LaunchScreen.storyboard in Resources */ = {isa = PBXBuildFile; fileRef = C7FC20311BDE70F700DCA643 /* LaunchScreen.storyboard */; };
		C7FC203F1BDE71BB00DCA643 /* MainPageViewController.swift in Sources */ = {isa = PBXBuildFile; fileRef = C7FC203E1BDE71BB00DCA643 /* MainPageViewController.swift */; };
		C7FC20411BDE792F00DCA643 /* CardCollectionViewCell.swift in Sources */ = {isa = PBXBuildFile; fileRef = C7FC20401BDE792F00DCA643 /* CardCollectionViewCell.swift */; };
/* End PBXBuildFile section */

/* Begin PBXFileReference section */
		C749EFE31BEAA4DE0033D62F /* templeIcon120x120-white.png */ = {isa = PBXFileReference; lastKnownFileType = image.png; name = "templeIcon120x120-white.png"; path = "../templeIcon120x120-white.png"; sourceTree = "<group>"; };
		C749EFE41BEAA4DE0033D62F /* templeIcon180x180-white.png */ = {isa = PBXFileReference; lastKnownFileType = image.png; name = "templeIcon180x180-white.png"; path = "../templeIcon180x180-white.png"; sourceTree = "<group>"; };
		C799EDAD1BE7B2A200E42C6C /* Temple.swift */ = {isa = PBXFileReference; fileEncoding = 4; lastKnownFileType = sourcecode.swift; path = Temple.swift; sourceTree = "<group>"; };
		C799EDB11BE7C23C00E42C6C /* TempleTableViewCell.swift */ = {isa = PBXFileReference; fileEncoding = 4; lastKnownFileType = sourcecode.swift; path = TempleTableViewCell.swift; sourceTree = "<group>"; };
		C7FA96D41BE2F38B00223ACA /* TempleCardView.swift */ = {isa = PBXFileReference; fileEncoding = 4; lastKnownFileType = sourcecode.swift; path = TempleCardView.swift; sourceTree = "<group>"; };
		C7FA96D61BE2F5E000223ACA /* Temple Photos */ = {isa = PBXFileReference; lastKnownFileType = folder; path = "Temple Photos"; sourceTree = "<group>"; };
		C7FC20251BDE70F700DCA643 /* Temple Flashcards.app */ = {isa = PBXFileReference; explicitFileType = wrapper.application; includeInIndex = 0; path = "Temple Flashcards.app"; sourceTree = BUILT_PRODUCTS_DIR; };
		C7FC20281BDE70F700DCA643 /* AppDelegate.swift */ = {isa = PBXFileReference; lastKnownFileType = sourcecode.swift; path = AppDelegate.swift; sourceTree = "<group>"; };
		C7FC202D1BDE70F700DCA643 /* Base */ = {isa = PBXFileReference; lastKnownFileType = file.storyboard; name = Base; path = Base.lproj/Main.storyboard; sourceTree = "<group>"; };
		C7FC202F1BDE70F700DCA643 /* Assets.xcassets */ = {isa = PBXFileReference; lastKnownFileType = folder.assetcatalog; path = Assets.xcassets; sourceTree = "<group>"; };
		C7FC20321BDE70F700DCA643 /* Base */ = {isa = PBXFileReference; lastKnownFileType = file.storyboard; name = Base; path = Base.lproj/LaunchScreen.storyboard; sourceTree = "<group>"; };
		C7FC20341BDE70F700DCA643 /* Info.plist */ = {isa = PBXFileReference; lastKnownFileType = text.plist.xml; path = Info.plist; sourceTree = "<group>"; };
		C7FC203E1BDE71BB00DCA643 /* MainPageViewController.swift */ = {isa = PBXFileReference; fileEncoding = 4; lastKnownFileType = sourcecode.swift; path = MainPageViewController.swift; sourceTree = "<group>"; };
		C7FC20401BDE792F00DCA643 /* CardCollectionViewCell.swift */ = {isa = PBXFileReference; fileEncoding = 4; lastKnownFileType = sourcecode.swift; path = CardCollectionViewCell.swift; sourceTree = "<group>"; };
/* End PBXFileReference section */

/* Begin PBXFrameworksBuildPhase section */
		C7FC20221BDE70F700DCA643 /* Frameworks */ = {
			isa = PBXFrameworksBuildPhase;
			buildActionMask = 2147483647;
			files = (
			);
			runOnlyForDeploymentPostprocessing = 0;
		};
/* End PBXFrameworksBuildPhase section */

/* Begin PBXGroup section */
		C7FC201C1BDE70F700DCA643 = {
			isa = PBXGroup;
			children = (
				C7FA96D61BE2F5E000223ACA /* Temple Photos */,
				C7FC20271BDE70F700DCA643 /* Temple Flashcards */,
				C7FC20261BDE70F700DCA643 /* Products */,
			);
			sourceTree = "<group>";
		};
		C7FC20261BDE70F700DCA643 /* Products */ = {
			isa = PBXGroup;
			children = (
				C7FC20251BDE70F700DCA643 /* Temple Flashcards.app */,
			);
			name = Products;
			sourceTree = "<group>";
		};
		C7FC20271BDE70F700DCA643 /* Temple Flashcards */ = {
			isa = PBXGroup;
			children = (
				C7FC203C1BDE714B00DCA643 /* Model */,
				C7FC203A1BDE713300DCA643 /* Controller */,
				C7FC203B1BDE714400DCA643 /* View */,
				C7FC203D1BDE716D00DCA643 /* Supporting Files */,
			);
			path = "Temple Flashcards";
			sourceTree = "<group>";
		};
		C7FC203A1BDE713300DCA643 /* Controller */ = {
			isa = PBXGroup;
			children = (
				C7FC203E1BDE71BB00DCA643 /* MainPageViewController.swift */,
			);
			name = Controller;
			sourceTree = "<group>";
		};
		C7FC203B1BDE714400DCA643 /* View */ = {
			isa = PBXGroup;
			children = (
				C7FC202C1BDE70F700DCA643 /* Main.storyboard */,
				C7FC20311BDE70F700DCA643 /* LaunchScreen.storyboard */,
			);
			name = View;
			sourceTree = "<group>";
		};
		C7FC203C1BDE714B00DCA643 /* Model */ = {
			isa = PBXGroup;
			children = (
				C7FC20401BDE792F00DCA643 /* CardCollectionViewCell.swift */,
				C7FA96D41BE2F38B00223ACA /* TempleCardView.swift */,
				C799EDAD1BE7B2A200E42C6C /* Temple.swift */,
				C799EDB11BE7C23C00E42C6C /* TempleTableViewCell.swift */,
			);
			name = Model;
			sourceTree = "<group>";
		};
		C7FC203D1BDE716D00DCA643 /* Supporting Files */ = {
			isa = PBXGroup;
			children = (
				C7FC202F1BDE70F700DCA643 /* Assets.xcassets */,
				C749EFE31BEAA4DE0033D62F /* templeIcon120x120-white.png */,
				C749EFE41BEAA4DE0033D62F /* templeIcon180x180-white.png */,
				C7FC20281BDE70F700DCA643 /* AppDelegate.swift */,
				C7FC20341BDE70F700DCA643 /* Info.plist */,
			);
			name = "Supporting Files";
			sourceTree = "<group>";
		};
/* End PBXGroup section */

/* Begin PBXNativeTarget section */
		C7FC20241BDE70F700DCA643 /* Temple Flashcards */ = {
			isa = PBXNativeTarget;
			buildConfigurationList = C7FC20371BDE70F700DCA643 /* Build configuration list for PBXNativeTarget "Temple Flashcards" */;
			buildPhases = (
				C7FC20211BDE70F700DCA643 /* Sources */,
				C7FC20221BDE70F700DCA643 /* Frameworks */,
				C7FC20231BDE70F700DCA643 /* Resources */,
			);
			buildRules = (
			);
			dependencies = (
			);
			name = "Temple Flashcards";
			productName = "Temple Flashcards";
			productReference = C7FC20251BDE70F700DCA643 /* Temple Flashcards.app */;
			productType = "com.apple.product-type.application";
		};
/* End PBXNativeTarget section */

/* Begin PBXProject section */
		C7FC201D1BDE70F700DCA643 /* Project object */ = {
			isa = PBXProject;
			attributes = {
				LastSwiftUpdateCheck = 0710;
				LastUpgradeCheck = 0710;
				ORGANIZATIONNAME = "Michael Perry";
				TargetAttributes = {
					C7FC20241BDE70F700DCA643 = {
						CreatedOnToolsVersion = 7.1;
						DevelopmentTeam = PJA7JC36V9;
					};
				};
			};
			buildConfigurationList = C7FC20201BDE70F700DCA643 /* Build configuration list for PBXProject "Temple Flashcards" */;
			compatibilityVersion = "Xcode 3.2";
			developmentRegion = English;
			hasScannedForEncodings = 0;
			knownRegions = (
				en,
				Base,
			);
			mainGroup = C7FC201C1BDE70F700DCA643;
			productRefGroup = C7FC20261BDE70F700DCA643 /* Products */;
			projectDirPath = "";
			projectRoot = "";
			targets = (
				C7FC20241BDE70F700DCA643 /* Temple Flashcards */,
			);
		};
/* End PBXProject section */

/* Begin PBXResourcesBuildPhase section */
		C7FC20231BDE70F700DCA643 /* Resources */ = {
			isa = PBXResourcesBuildPhase;
			buildActionMask = 2147483647;
			files = (
				C7FC20331BDE70F700DCA643 /* LaunchScreen.storyboard in Resources */,
				C749EFE51BEAA4DE0033D62F /* templeIcon120x120-white.png in Resources */,
				C7FA96D71BE2F5E000223ACA /* Temple Photos in Resources */,
				C7FC20301BDE70F700DCA643 /* Assets.xcassets in Resources */,
				C749EFE61BEAA4DE0033D62F /* templeIcon180x180-white.png in Resources */,
				C7FC202E1BDE70F700DCA643 /* Main.storyboard in Resources */,
			);
			runOnlyForDeploymentPostprocessing = 0;
		};
/* End PBXResourcesBuildPhase section */

/* Begin PBXSourcesBuildPhase section */
		C7FC20211BDE70F700DCA643 /* Sources */ = {
			isa = PBXSourcesBuildPhase;
			buildActionMask = 2147483647;
			files = (
				C7FA96D51BE2F38B00223ACA /* TempleCardView.swift in Sources */,
				C7FC203F1BDE71BB00DCA643 /* MainPageViewController.swift in Sources */,
				C7FC20411BDE792F00DCA643 /* CardCollectionViewCell.swift in Sources */,
				C7FC20291BDE70F700DCA643 /* AppDelegate.swift in Sources */,
				C799EDB21BE7C23C00E42C6C /* TempleTableViewCell.swift in Sources */,
				C799EDAE1BE7B2A200E42C6C /* Temple.swift in Sources */,
			);
			runOnlyForDeploymentPostprocessing = 0;
		};
/* End PBXSourcesBuildPhase section */

/* Begin PBXVariantGroup section */
		C7FC202C1BDE70F700DCA643 /* Main.storyboard */ = {
			isa = PBXVariantGroup;
			children = (
				C7FC202D1BDE70F700DCA643 /* Base */,
			);
			name = Main.storyboard;
			sourceTree = "<group>";
		};
		C7FC20311BDE70F700DCA643 /* LaunchScreen.storyboard */ = {
			isa = PBXVariantGroup;
			children = (
				C7FC20321BDE70F700DCA643 /* Base */,
			);
			name = LaunchScreen.storyboard;
			sourceTree = "<group>";
		};
/* End PBXVariantGroup section */

/* Begin XCBuildConfiguration section */
		C7FC20351BDE70F700DCA643 /* Debug */ = {
			isa = XCBuildConfiguration;
			buildSettings = {
				ALWAYS_SEARCH_USER_PATHS = NO;
				CLANG_CXX_LANGUAGE_STANDARD = "gnu++0x";
				CLANG_CXX_LIBRARY = "libc++";
				CLANG_ENABLE_MODULES = YES;
				CLANG_ENABLE_OBJC_ARC = YES;
				CLANG_WARN_BOOL_CONVERSION = YES;
				CLANG_WARN_CONSTANT_CONVERSION = YES;
				CLANG_WARN_DIRECT_OBJC_ISA_USAGE = YES_ERROR;
				CLANG_WARN_EMPTY_BODY = YES;
				CLANG_WARN_ENUM_CONVERSION = YES;
				CLANG_WARN_INT_CONVERSION = YES;
				CLANG_WARN_OBJC_ROOT_CLASS = YES_ERROR;
				CLANG_WARN_UNREACHABLE_CODE = YES;
				CLANG_WARN__DUPLICATE_METHOD_MATCH = YES;
				"CODE_SIGN_IDENTITY[sdk=iphoneos*]" = "iPhone Developer";
				COPY_PHASE_STRIP = NO;
				DEBUG_INFORMATION_FORMAT = dwarf;
				ENABLE_STRICT_OBJC_MSGSEND = YES;
				ENABLE_TESTABILITY = YES;
				GCC_C_LANGUAGE_STANDARD = gnu99;
				GCC_DYNAMIC_NO_PIC = NO;
				GCC_NO_COMMON_BLOCKS = YES;
				GCC_OPTIMIZATION_LEVEL = 0;
				GCC_PREPROCESSOR_DEFINITIONS = (
					"DEBUG=1",
					"$(inherited)",
				);
				GCC_WARN_64_TO_32_BIT_CONVERSION = YES;
				GCC_WARN_ABOUT_RETURN_TYPE = YES_ERROR;
				GCC_WARN_UNDECLARED_SELECTOR = YES;
				GCC_WARN_UNINITIALIZED_AUTOS = YES_AGGRESSIVE;
				GCC_WARN_UNUSED_FUNCTION = YES;
				GCC_WARN_UNUSED_VARIABLE = YES;
				IPHONEOS_DEPLOYMENT_TARGET = 9.1;
				MTL_ENABLE_DEBUG_INFO = YES;
				ONLY_ACTIVE_ARCH = YES;
				SDKROOT = iphoneos;
				SWIFT_OPTIMIZATION_LEVEL = "-Onone";
				TARGETED_DEVICE_FAMILY = "1,2";
			};
			name = Debug;
		};
		C7FC20361BDE70F700DCA643 /* Release */ = {
			isa = XCBuildConfiguration;
			buildSettings = {
				ALWAYS_SEARCH_USER_PATHS = NO;
				CLANG_CXX_LANGUAGE_STANDARD = "gnu++0x";
				CLANG_CXX_LIBRARY = "libc++";
				CLANG_ENABLE_MODULES = YES;
				CLANG_ENABLE_OBJC_ARC = YES;
				CLANG_WARN_BOOL_CONVERSION = YES;
				CLANG_WARN_CONSTANT_CONVERSION = YES;
				CLANG_WARN_DIRECT_OBJC_ISA_USAGE = YES_ERROR;
				CLANG_WARN_EMPTY_BODY = YES;
				CLANG_WARN_ENUM_CONVERSION = YES;
				CLANG_WARN_INT_CONVERSION = YES;
				CLANG_WARN_OBJC_ROOT_CLASS = YES_ERROR;
				CLANG_WARN_UNREACHABLE_CODE = YES;
				CLANG_WARN__DUPLICATE_METHOD_MATCH = YES;
				"CODE_SIGN_IDENTITY[sdk=iphoneos*]" = "iPhone Developer";
				COPY_PHASE_STRIP = NO;
				DEBUG_INFORMATION_FORMAT = "dwarf-with-dsym";
				ENABLE_NS_ASSERTIONS = NO;
				ENABLE_STRICT_OBJC_MSGSEND = YES;
				GCC_C_LANGUAGE_STANDARD = gnu99;
				GCC_NO_COMMON_BLOCKS = YES;
				GCC_WARN_64_TO_32_BIT_CONVERSION = YES;
				GCC_WARN_ABOUT_RETURN_TYPE = YES_ERROR;
				GCC_WARN_UNDECLARED_SELECTOR = YES;
				GCC_WARN_UNINITIALIZED_AUTOS = YES_AGGRESSIVE;
				GCC_WARN_UNUSED_FUNCTION = YES;
				GCC_WARN_UNUSED_VARIABLE = YES;
				IPHONEOS_DEPLOYMENT_TARGET = 9.1;
				MTL_ENABLE_DEBUG_INFO = NO;
				SDKROOT = iphoneos;
				TARGETED_DEVICE_FAMILY = "1,2";
				VALIDATE_PRODUCT = YES;
			};
			name = Release;
		};
		C7FC20381BDE70F700DCA643 /* Debug */ = {
			isa = XCBuildConfiguration;
			buildSettings = {
				ASSETCATALOG_COMPILER_APPICON_NAME = AppIcon;
				CODE_SIGN_IDENTITY = "iPhone Developer";
				"CODE_SIGN_IDENTITY[sdk=iphoneos*]" = "iPhone Developer";
				INFOPLIST_FILE = "Temple Flashcards/Info.plist";
				LD_RUNPATH_SEARCH_PATHS = "$(inherited) @executable_path/Frameworks";
				PRODUCT_BUNDLE_IDENTIFIER = "com.smoosh911.Temple-Flashcards";
				PRODUCT_NAME = "$(TARGET_NAME)";
				PROVISIONING_PROFILE = "";
				TARGETED_DEVICE_FAMILY = 1;
			};
			name = Debug;
		};
		C7FC20391BDE70F700DCA643 /* Release */ = {
			isa = XCBuildConfiguration;
			buildSettings = {
				ASSETCATALOG_COMPILER_APPICON_NAME = AppIcon;
				CODE_SIGN_IDENTITY = "iPhone Developer";
				"CODE_SIGN_IDENTITY[sdk=iphoneos*]" = "iPhone Developer";
				INFOPLIST_FILE = "Temple Flashcards/Info.plist";
				LD_RUNPATH_SEARCH_PATHS = "$(inherited) @executable_path/Frameworks";
				PRODUCT_BUNDLE_IDENTIFIER = "com.smoosh911.Temple-Flashcards";
				PRODUCT_NAME = "$(TARGET_NAME)";
				PROVISIONING_PROFILE = "";
				TARGETED_DEVICE_FAMILY = 1;
			};
			name = Release;
		};
/* End XCBuildConfiguration section */

/* Begin XCConfigurationList section */
		C7FC20201BDE70F700DCA643 /* Build configuration list for PBXProject "Temple Flashcards" */ = {
			isa = XCConfigurationList;
			buildConfigurations = (
				C7FC20351BDE70F700DCA643 /* Debug */,
				C7FC20361BDE70F700DCA643 /* Release */,
			);
			defaultConfigurationIsVisible = 0;
			defaultConfigurationName = Release;
		};
		C7FC20371BDE70F700DCA643 /* Build configuration list for PBXNativeTarget "Temple Flashcards" */ = {
			isa = XCConfigurationList;
			buildConfigurations = (
				C7FC20381BDE70F700DCA643 /* Debug */,
				C7FC20391BDE70F700DCA643 /* Release */,
			);
			defaultConfigurationIsVisible = 0;
			defaultConfigurationName = Release;
		};
/* End XCConfigurationList section */
	};
	rootObject = C7FC201D1BDE70F700DCA643 /* Project object */;
}
